Microsoft Visual Studio Solution File, Format Version 12.00
# Visual Studio 14
VisualStudioVersion = 14.0.25420.1
MinimumVisualStudioVersion = 10.0.40219.1
Project("{FAE04EC0-301F-11D3-BF4B-00C04F79EFBC}") = "MechJeb2", "Sources\MechJeb2\MechJeb2.csproj", "{9FC90AE6-C2E4-47F1-A6D1-DB4731A40BE3}"
EndProject
Project("{9344BDBB-3E7F-41FC-A0DD-8665D75EE146}") = "MechJeb2Tests", "Sources\MechJeb2Tests\MechJeb2Tests.csproj", "{C6E3BD45-19C3-46CC-9E2D-DDA57AB3BC0C}"
EndProject
Global
	GlobalSection(SolutionConfigurationPlatforms) = preSolution
		Debug|Any CPU = Debug|Any CPU
		Release|Any CPU = Release|Any CPU
	EndGlobalSection
	GlobalSection(ProjectConfigurationPlatforms) = postSolution
		{9FC90AE6-C2E4-47F1-A6D1-DB4731A40BE3}.Debug|Any CPU.ActiveCfg = Debug|Any CPU
		{9FC90AE6-C2E4-47F1-A6D1-DB4731A40BE3}.Debug|Any CPU.Build.0 = Debug|Any CPU
		{9FC90AE6-C2E4-47F1-A6D1-DB4731A40BE3}.Release|Any CPU.ActiveCfg = Release|Any CPU
		{9FC90AE6-C2E4-47F1-A6D1-DB4731A40BE3}.Release|Any CPU.Build.0 = Release|Any CPU
		{C6E3BD45-19C3-46CC-9E2D-DDA57AB3BC0C}.Debug|Any CPU.ActiveCfg = Debug|Any CPU
		{C6E3BD45-19C3-46CC-9E2D-DDA57AB3BC0C}.Debug|Any CPU.Build.0 = Debug|Any CPU
		{C6E3BD45-19C3-46CC-9E2D-DDA57AB3BC0C}.Release|Any CPU.ActiveCfg = Release|Any CPU
		{C6E3BD45-19C3-46CC-9E2D-DDA57AB3BC0C}.Release|Any CPU.Build.0 = Release|Any CPU
	EndGlobalSection
	GlobalSection(SolutionProperties) = preSolution
		HideSolutionNode = FALSE
	EndGlobalSection
EndGlobal
